# This file was autogenerated by Stack.
# You should not edit this file by hand.
# For more information, please see the documentation at:
#   https://docs.haskellstack.org/en/stable/lock_files

packages:
- completed:
    hackage: curlhs-0.1.6@sha256:ac8dbe0348ce66746774f019fe62dbdaf40a200bed62f5b7fb0ecb9bd11cfa1c,4107
    pantry-tree:
      size: 2014
      sha256: 35738614f24ff682eb0b72b8fd66c9b4a919346302ddb96c96bf5b1a9eaa70f5
  original:
    hackage: curlhs-0.1.6@sha256:ac8dbe0348ce66746774f019fe62dbdaf40a200bed62f5b7fb0ecb9bd11cfa1c,4107
- completed:
    hackage: rtld-0.0.2@sha256:ebf8a2ae1cd04e829f5b86b5638ed66139a76cbbe75ae43394d37cb9bd8f5037,1653
    pantry-tree:
      size: 305
      sha256: 1697c8d8dbd78b4ae28bb492f8ac5d09d0892128b30f35d94436f8e32544c0ab
  original:
    hackage: rtld-0.0.2@sha256:ebf8a2ae1cd04e829f5b86b5638ed66139a76cbbe75ae43394d37cb9bd8f5037,1653
snapshots:
- completed:
    size: 524154
    url: https://raw.githubusercontent.com/commercialhaskell/stackage-snapshots/master/lts/14/20.yaml
    sha256: 2f5099f69ddb6abfe64400fe1e6a604e8e628f55e6837211cd70a81eb0a8fa4d
  original: lts-14.20
